
Microsoft Visual Studio Solution File, Format Version 12.00
# Visual Studio 14
VisualStudioVersion = 14.0.25420.1
MinimumVisualStudioVersion = 10.0.40219.1
Project("{FAE04EC0-301F-11D3-BF4B-00C04F79EFBC}") = "Delegates.Demo01", "Delegates.Demo01\Delegates.Demo01.csproj", "{CD044679-DABA-4F48-97C9-EF35D0214A4F}"
EndProject
Project("{FAE04EC0-301F-11D3-BF4B-00C04F79EFBC}") = "Delegates.Demo02", "Delegates.Demo02\Delegates.Demo02.csproj", "{10127A79-86B9-4B0E-A1AD-A2C660A93F29}"
EndProject
Project("{FAE04EC0-301F-11D3-BF4B-00C04F79EFBC}") = "Events.Demo01", "Events.Demo01\Events.Demo01.csproj", "{09F739F7-909A-4E6E-BCDA-D283192BBDC8}"
EndProject
Global
	GlobalSection(SolutionConfigurationPlatforms) = preSolution
		Debug|Any CPU = Debug|Any CPU
		Release|Any CPU = Release|Any CPU
	EndGlobalSection
	GlobalSection(ProjectConfigurationPlatforms) = postSolution
		{CD044679-DABA-4F48-97C9-EF35D0214A4F}.Debug|Any CPU.ActiveCfg = Debug|Any CPU
		{CD044679-DABA-4F48-97C9-EF35D0214A4F}.Debug|Any CPU.Build.0 = Debug|Any CPU
		{CD044679-DABA-4F48-97C9-EF35D0214A4F}.Release|Any CPU.ActiveCfg = Release|Any CPU
		{CD044679-DABA-4F48-97C9-EF35D0214A4F}.Release|Any CPU.Build.0 = Release|Any CPU
		{10127A79-86B9-4B0E-A1AD-A2C660A93F29}.Debug|Any CPU.ActiveCfg = Debug|Any CPU
		{10127A79-86B9-4B0E-A1AD-A2C660A93F29}.Debug|Any CPU.Build.0 = Debug|Any CPU
		{10127A79-86B9-4B0E-A1AD-A2C660A93F29}.Release|Any CPU.ActiveCfg = Release|Any CPU
		{10127A79-86B9-4B0E-A1AD-A2C660A93F29}.Release|Any CPU.Build.0 = Release|Any CPU
		{09F739F7-909A-4E6E-BCDA-D283192BBDC8}.Debug|Any CPU.ActiveCfg = Debug|Any CPU
		{09F739F7-909A-4E6E-BCDA-D283192BBDC8}.Debug|Any CPU.Build.0 = Debug|Any CPU
		{09F739F7-909A-4E6E-BCDA-D283192BBDC8}.Release|Any CPU.ActiveCfg = Release|Any CPU
		{09F739F7-909A-4E6E-BCDA-D283192BBDC8}.Release|Any CPU.Build.0 = Release|Any CPU
	EndGlobalSection
	GlobalSection(SolutionProperties) = preSolution
		HideSolutionNode = FALSE
	EndGlobalSection
EndGlobal
