
Microsoft Visual Studio Solution File, Format Version 12.00
# Visual Studio Version 16
VisualStudioVersion = 16.0.29025.244
MinimumVisualStudioVersion = 10.0.40219.1
Project("{FAE04EC0-301F-11D3-BF4B-00C04F79EFBC}") = "CalculatorService.Core", "CalculatorService.Core\CalculatorService.Core.csproj", "{00208130-E63E-44BB-A000-12D922F74F19}"
EndProject
Project("{FAE04EC0-301F-11D3-BF4B-00C04F79EFBC}") = "CalculatorService.ConsoleHost", "CalculatorService.ConsoleHost\CalculatorService.ConsoleHost.csproj", "{A798E637-AAA4-4FBB-95C2-8993F991F6BB}"
EndProject
Project("{FAE04EC0-301F-11D3-BF4B-00C04F79EFBC}") = "CalculatorService.TestClient", "CalculatorService.TestClient\CalculatorService.TestClient.csproj", "{21278B54-9092-4B5E-BDD4-C5824832E07D}"
	ProjectSection(ProjectDependencies) = postProject
		{AAB34B39-1BE7-488A-B192-FF4DE2C8AF43} = {AAB34B39-1BE7-488A-B192-FF4DE2C8AF43}
	EndProjectSection
EndProject
Project("{FAE04EC0-301F-11D3-BF4B-00C04F79EFBC}") = "CalculatorService.ServiceLibrary", "CalculatorService.ServiceLibrary\CalculatorService.ServiceLibrary.csproj", "{24F282F2-1105-453B-AE97-F8CB5BE8B300}"
EndProject
Project("{FAE04EC0-301F-11D3-BF4B-00C04F79EFBC}") = "WebHost", "WebHost\WebHost.csproj", "{AAB34B39-1BE7-488A-B192-FF4DE2C8AF43}"
EndProject
Project("{9A19103F-16F7-4668-BE54-9A1E7A4F7556}") = "CalculatorService.MathUtils", "CalculatroService.Math\CalculatorService.MathUtils.csproj", "{B82BFF1A-82DB-4055-BEF1-5FE1DCFF2AF8}"
EndProject
Project("{9A19103F-16F7-4668-BE54-9A1E7A4F7556}") = "CalculatorService.MathUtils.Tests", "CalculatorService.MathUtils.Tests\CalculatorService.MathUtils.Tests.csproj", "{969F0C9D-0A10-46A6-87BC-DBB87F8E6658}"
EndProject
Project("{E24C65DC-7377-472B-9ABA-BC803B73C61A}") = "EMPTY", "EMPTY\", "{38AF0D88-7554-4A9D-AB36-8A9AFAC8BE1A}"
	ProjectSection(WebsiteProperties) = preProject
		TargetFrameworkMoniker = ".NETFramework,Version%3Dv4.7.2"
		Debug.AspNetCompiler.VirtualPath = "/localhost_53813"
		Debug.AspNetCompiler.PhysicalPath = "EMPTY\"
		Debug.AspNetCompiler.TargetPath = "PrecompiledWeb\localhost_53813\"
		Debug.AspNetCompiler.Updateable = "true"
		Debug.AspNetCompiler.ForceOverwrite = "true"
		Debug.AspNetCompiler.FixedNames = "false"
		Debug.AspNetCompiler.Debug = "True"
		Release.AspNetCompiler.VirtualPath = "/localhost_53813"
		Release.AspNetCompiler.PhysicalPath = "EMPTY\"
		Release.AspNetCompiler.TargetPath = "PrecompiledWeb\localhost_53813\"
		Release.AspNetCompiler.Updateable = "true"
		Release.AspNetCompiler.ForceOverwrite = "true"
		Release.AspNetCompiler.FixedNames = "false"
		Release.AspNetCompiler.Debug = "False"
		VWDPort = "53813"
		SlnRelativePath = "EMPTY\"
		DefaultWebSiteLanguage = "Visual C#"
	EndProjectSection
EndProject
Global
	GlobalSection(SolutionConfigurationPlatforms) = preSolution
		Debug|Any CPU = Debug|Any CPU
		Release|Any CPU = Release|Any CPU
	EndGlobalSection
	GlobalSection(ProjectConfigurationPlatforms) = postSolution
		{00208130-E63E-44BB-A000-12D922F74F19}.Debug|Any CPU.ActiveCfg = Debug|Any CPU
		{00208130-E63E-44BB-A000-12D922F74F19}.Debug|Any CPU.Build.0 = Debug|Any CPU
		{00208130-E63E-44BB-A000-12D922F74F19}.Release|Any CPU.ActiveCfg = Release|Any CPU
		{00208130-E63E-44BB-A000-12D922F74F19}.Release|Any CPU.Build.0 = Release|Any CPU
		{A798E637-AAA4-4FBB-95C2-8993F991F6BB}.Debug|Any CPU.ActiveCfg = Debug|Any CPU
		{A798E637-AAA4-4FBB-95C2-8993F991F6BB}.Debug|Any CPU.Build.0 = Debug|Any CPU
		{A798E637-AAA4-4FBB-95C2-8993F991F6BB}.Release|Any CPU.ActiveCfg = Release|Any CPU
		{A798E637-AAA4-4FBB-95C2-8993F991F6BB}.Release|Any CPU.Build.0 = Release|Any CPU
		{21278B54-9092-4B5E-BDD4-C5824832E07D}.Debug|Any CPU.ActiveCfg = Debug|Any CPU
		{21278B54-9092-4B5E-BDD4-C5824832E07D}.Debug|Any CPU.Build.0 = Debug|Any CPU
		{21278B54-9092-4B5E-BDD4-C5824832E07D}.Release|Any CPU.ActiveCfg = Release|Any CPU
		{21278B54-9092-4B5E-BDD4-C5824832E07D}.Release|Any CPU.Build.0 = Release|Any CPU
		{24F282F2-1105-453B-AE97-F8CB5BE8B300}.Debug|Any CPU.ActiveCfg = Debug|Any CPU
		{24F282F2-1105-453B-AE97-F8CB5BE8B300}.Debug|Any CPU.Build.0 = Debug|Any CPU
		{24F282F2-1105-453B-AE97-F8CB5BE8B300}.Release|Any CPU.ActiveCfg = Release|Any CPU
		{24F282F2-1105-453B-AE97-F8CB5BE8B300}.Release|Any CPU.Build.0 = Release|Any CPU
		{AAB34B39-1BE7-488A-B192-FF4DE2C8AF43}.Debug|Any CPU.ActiveCfg = Debug|Any CPU
		{AAB34B39-1BE7-488A-B192-FF4DE2C8AF43}.Debug|Any CPU.Build.0 = Debug|Any CPU
		{AAB34B39-1BE7-488A-B192-FF4DE2C8AF43}.Release|Any CPU.ActiveCfg = Release|Any CPU
		{AAB34B39-1BE7-488A-B192-FF4DE2C8AF43}.Release|Any CPU.Build.0 = Release|Any CPU
		{B82BFF1A-82DB-4055-BEF1-5FE1DCFF2AF8}.Debug|Any CPU.ActiveCfg = Debug|Any CPU
		{B82BFF1A-82DB-4055-BEF1-5FE1DCFF2AF8}.Debug|Any CPU.Build.0 = Debug|Any CPU
		{B82BFF1A-82DB-4055-BEF1-5FE1DCFF2AF8}.Release|Any CPU.ActiveCfg = Release|Any CPU
		{B82BFF1A-82DB-4055-BEF1-5FE1DCFF2AF8}.Release|Any CPU.Build.0 = Release|Any CPU
		{969F0C9D-0A10-46A6-87BC-DBB87F8E6658}.Debug|Any CPU.ActiveCfg = Debug|Any CPU
		{969F0C9D-0A10-46A6-87BC-DBB87F8E6658}.Debug|Any CPU.Build.0 = Debug|Any CPU
		{969F0C9D-0A10-46A6-87BC-DBB87F8E6658}.Release|Any CPU.ActiveCfg = Release|Any CPU
		{969F0C9D-0A10-46A6-87BC-DBB87F8E6658}.Release|Any CPU.Build.0 = Release|Any CPU
		{38AF0D88-7554-4A9D-AB36-8A9AFAC8BE1A}.Debug|Any CPU.ActiveCfg = Debug|Any CPU
		{38AF0D88-7554-4A9D-AB36-8A9AFAC8BE1A}.Debug|Any CPU.Build.0 = Debug|Any CPU
		{38AF0D88-7554-4A9D-AB36-8A9AFAC8BE1A}.Release|Any CPU.ActiveCfg = Debug|Any CPU
		{38AF0D88-7554-4A9D-AB36-8A9AFAC8BE1A}.Release|Any CPU.Build.0 = Debug|Any CPU
	EndGlobalSection
	GlobalSection(SolutionProperties) = preSolution
		HideSolutionNode = FALSE
	EndGlobalSection
	GlobalSection(ExtensibilityGlobals) = postSolution
		SolutionGuid = {C53EB8F0-F45F-4B34-AC6A-9E45A5471313}
	EndGlobalSection
EndGlobal
