
Microsoft Visual Studio Solution File, Format Version 12.00
# Visual Studio 14
VisualStudioVersion = 14.0.25420.1
MinimumVisualStudioVersion = 10.0.40219.1
Project("{FAE04EC0-301F-11D3-BF4B-00C04F79EFBC}") = "Shared", "Shared\Shared.csproj", "{A6C62D74-DE67-4C8C-8BC1-1FE09A8BA21F}"
EndProject
Project("{FAE04EC0-301F-11D3-BF4B-00C04F79EFBC}") = "AddInA", "AddInA\AddInA.csproj", "{9449F606-A492-432C-A8C6-058F451131E1}"
EndProject
Project("{FAE04EC0-301F-11D3-BF4B-00C04F79EFBC}") = "AddInB", "AddInB\AddInB.csproj", "{930978B0-845E-46BE-A07E-A2B6B0250B8B}"
EndProject
Project("{FAE04EC0-301F-11D3-BF4B-00C04F79EFBC}") = "HostApp", "HostApp\HostApp.csproj", "{0D9C23C2-939F-423F-924B-B11A1E6329F8}"
EndProject
Project("{FAE04EC0-301F-11D3-BF4B-00C04F79EFBC}") = "ExportedTypesDemo", "ExportedTypesDemo\ExportedTypesDemo.csproj", "{D2BC905A-A84D-4FC1-B190-0A16F20DE615}"
EndProject
Project("{FAE04EC0-301F-11D3-BF4B-00C04F79EFBC}") = "ExceptionTreeDemo", "ExceptionTreeDemo\ExceptionTreeDemo.csproj", "{A3C342B7-7075-4639-9056-69B2275EB17A}"
EndProject
Global
	GlobalSection(SolutionConfigurationPlatforms) = preSolution
		Debug|Any CPU = Debug|Any CPU
		Release|Any CPU = Release|Any CPU
	EndGlobalSection
	GlobalSection(ProjectConfigurationPlatforms) = postSolution
		{A6C62D74-DE67-4C8C-8BC1-1FE09A8BA21F}.Debug|Any CPU.ActiveCfg = Debug|Any CPU
		{A6C62D74-DE67-4C8C-8BC1-1FE09A8BA21F}.Debug|Any CPU.Build.0 = Debug|Any CPU
		{A6C62D74-DE67-4C8C-8BC1-1FE09A8BA21F}.Release|Any CPU.ActiveCfg = Release|Any CPU
		{A6C62D74-DE67-4C8C-8BC1-1FE09A8BA21F}.Release|Any CPU.Build.0 = Release|Any CPU
		{9449F606-A492-432C-A8C6-058F451131E1}.Debug|Any CPU.ActiveCfg = Debug|Any CPU
		{9449F606-A492-432C-A8C6-058F451131E1}.Debug|Any CPU.Build.0 = Debug|Any CPU
		{9449F606-A492-432C-A8C6-058F451131E1}.Release|Any CPU.ActiveCfg = Release|Any CPU
		{9449F606-A492-432C-A8C6-058F451131E1}.Release|Any CPU.Build.0 = Release|Any CPU
		{930978B0-845E-46BE-A07E-A2B6B0250B8B}.Debug|Any CPU.ActiveCfg = Debug|Any CPU
		{930978B0-845E-46BE-A07E-A2B6B0250B8B}.Debug|Any CPU.Build.0 = Debug|Any CPU
		{930978B0-845E-46BE-A07E-A2B6B0250B8B}.Release|Any CPU.ActiveCfg = Release|Any CPU
		{930978B0-845E-46BE-A07E-A2B6B0250B8B}.Release|Any CPU.Build.0 = Release|Any CPU
		{0D9C23C2-939F-423F-924B-B11A1E6329F8}.Debug|Any CPU.ActiveCfg = Debug|Any CPU
		{0D9C23C2-939F-423F-924B-B11A1E6329F8}.Debug|Any CPU.Build.0 = Debug|Any CPU
		{0D9C23C2-939F-423F-924B-B11A1E6329F8}.Release|Any CPU.ActiveCfg = Release|Any CPU
		{0D9C23C2-939F-423F-924B-B11A1E6329F8}.Release|Any CPU.Build.0 = Release|Any CPU
		{D2BC905A-A84D-4FC1-B190-0A16F20DE615}.Debug|Any CPU.ActiveCfg = Debug|Any CPU
		{D2BC905A-A84D-4FC1-B190-0A16F20DE615}.Debug|Any CPU.Build.0 = Debug|Any CPU
		{D2BC905A-A84D-4FC1-B190-0A16F20DE615}.Release|Any CPU.ActiveCfg = Release|Any CPU
		{D2BC905A-A84D-4FC1-B190-0A16F20DE615}.Release|Any CPU.Build.0 = Release|Any CPU
		{A3C342B7-7075-4639-9056-69B2275EB17A}.Debug|Any CPU.ActiveCfg = Debug|Any CPU
		{A3C342B7-7075-4639-9056-69B2275EB17A}.Debug|Any CPU.Build.0 = Debug|Any CPU
		{A3C342B7-7075-4639-9056-69B2275EB17A}.Release|Any CPU.ActiveCfg = Release|Any CPU
		{A3C342B7-7075-4639-9056-69B2275EB17A}.Release|Any CPU.Build.0 = Release|Any CPU
	EndGlobalSection
	GlobalSection(SolutionProperties) = preSolution
		HideSolutionNode = FALSE
	EndGlobalSection
EndGlobal
