
Microsoft Visual Studio Solution File, Format Version 12.00
# Visual Studio Version 16
VisualStudioVersion = 16.0.29920.165
MinimumVisualStudioVersion = 10.0.40219.1
Project("{FAE04EC0-301F-11D3-BF4B-00C04F79EFBC}") = "WpfShowCase", "WpfShowCase\WpfShowCase.csproj", "{BA3D7E2D-F01F-4DA5-85EF-7324F19BD26A}"
EndProject
Global
	GlobalSection(SolutionConfigurationPlatforms) = preSolution
		Debug|Any CPU = Debug|Any CPU
		Release|Any CPU = Release|Any CPU
	EndGlobalSection
	GlobalSection(ProjectConfigurationPlatforms) = postSolution
		{BA3D7E2D-F01F-4DA5-85EF-7324F19BD26A}.Debug|Any CPU.ActiveCfg = Debug|Any CPU
		{BA3D7E2D-F01F-4DA5-85EF-7324F19BD26A}.Debug|Any CPU.Build.0 = Debug|Any CPU
		{BA3D7E2D-F01F-4DA5-85EF-7324F19BD26A}.Release|Any CPU.ActiveCfg = Release|Any CPU
		{BA3D7E2D-F01F-4DA5-85EF-7324F19BD26A}.Release|Any CPU.Build.0 = Release|Any CPU
	EndGlobalSection
	GlobalSection(SolutionProperties) = preSolution
		HideSolutionNode = FALSE
	EndGlobalSection
	GlobalSection(ExtensibilityGlobals) = postSolution
		SolutionGuid = {217FE311-6C89-4882-9833-BDF5CE5F959E}
	EndGlobalSection
EndGlobal
