
Microsoft Visual Studio Solution File, Format Version 12.00
# Visual Studio Version 16
VisualStudioVersion = 16.0.30011.22
MinimumVisualStudioVersion = 10.0.40219.1
Project("{FAE04EC0-301F-11D3-BF4B-00C04F79EFBC}") = "MultipleSelection", "MultipleSelection\MultipleSelection.csproj", "{D05CE686-26CB-491E-822E-2B45B82BDC08}"
EndProject
Global
	GlobalSection(SolutionConfigurationPlatforms) = preSolution
		Debug|Any CPU = Debug|Any CPU
		Release|Any CPU = Release|Any CPU
	EndGlobalSection
	GlobalSection(ProjectConfigurationPlatforms) = postSolution
		{D05CE686-26CB-491E-822E-2B45B82BDC08}.Debug|Any CPU.ActiveCfg = Debug|Any CPU
		{D05CE686-26CB-491E-822E-2B45B82BDC08}.Debug|Any CPU.Build.0 = Debug|Any CPU
		{D05CE686-26CB-491E-822E-2B45B82BDC08}.Release|Any CPU.ActiveCfg = Release|Any CPU
		{D05CE686-26CB-491E-822E-2B45B82BDC08}.Release|Any CPU.Build.0 = Release|Any CPU
	EndGlobalSection
	GlobalSection(SolutionProperties) = preSolution
		HideSolutionNode = FALSE
	EndGlobalSection
	GlobalSection(ExtensibilityGlobals) = postSolution
		SolutionGuid = {9A1DA474-7552-4394-AA8E-F1FDCF15A985}
	EndGlobalSection
EndGlobal
