
Microsoft Visual Studio Solution File, Format Version 12.00
# Visual Studio 14
VisualStudioVersion = 14.0.25420.1
MinimumVisualStudioVersion = 10.0.40219.1
Project("{FAE04EC0-301F-11D3-BF4B-00C04F79EFBC}") = "Demo_1", "Demo_1\Demo_1.csproj", "{C1DCDCBC-9F92-4269-AF76-F45BBF6C0B06}"
EndProject
Project("{FAE04EC0-301F-11D3-BF4B-00C04F79EFBC}") = "Demo_1.Tests", "Demo_1_Tests\Demo_1.Tests.csproj", "{94D87FBC-437E-42C3-A60D-AECF7FF5DC9D}"
EndProject
Project("{FAE04EC0-301F-11D3-BF4B-00C04F79EFBC}") = "Demo_2", "Demo_2\Demo_2.csproj", "{6E8FB63A-6EFF-466D-B87D-0DFBB3726CD3}"
EndProject
Project("{FAE04EC0-301F-11D3-BF4B-00C04F79EFBC}") = "Demo_3", "Demo_3\Demo_3.csproj", "{59EDB797-885D-4F0C-B092-86A6A04B02C7}"
EndProject
Project("{FAE04EC0-301F-11D3-BF4B-00C04F79EFBC}") = "Demo_3.Tests", "Demo_3_Tests\Demo_3.Tests.csproj", "{55D89D1B-7C3A-45DD-88F5-909F48F4D1C7}"
EndProject
Global
	GlobalSection(SolutionConfigurationPlatforms) = preSolution
		Debug|Any CPU = Debug|Any CPU
		Release|Any CPU = Release|Any CPU
	EndGlobalSection
	GlobalSection(ProjectConfigurationPlatforms) = postSolution
		{C1DCDCBC-9F92-4269-AF76-F45BBF6C0B06}.Debug|Any CPU.ActiveCfg = Debug|Any CPU
		{C1DCDCBC-9F92-4269-AF76-F45BBF6C0B06}.Debug|Any CPU.Build.0 = Debug|Any CPU
		{C1DCDCBC-9F92-4269-AF76-F45BBF6C0B06}.Release|Any CPU.ActiveCfg = Release|Any CPU
		{C1DCDCBC-9F92-4269-AF76-F45BBF6C0B06}.Release|Any CPU.Build.0 = Release|Any CPU
		{94D87FBC-437E-42C3-A60D-AECF7FF5DC9D}.Debug|Any CPU.ActiveCfg = Debug|Any CPU
		{94D87FBC-437E-42C3-A60D-AECF7FF5DC9D}.Debug|Any CPU.Build.0 = Debug|Any CPU
		{94D87FBC-437E-42C3-A60D-AECF7FF5DC9D}.Release|Any CPU.ActiveCfg = Release|Any CPU
		{94D87FBC-437E-42C3-A60D-AECF7FF5DC9D}.Release|Any CPU.Build.0 = Release|Any CPU
		{6E8FB63A-6EFF-466D-B87D-0DFBB3726CD3}.Debug|Any CPU.ActiveCfg = Debug|Any CPU
		{6E8FB63A-6EFF-466D-B87D-0DFBB3726CD3}.Debug|Any CPU.Build.0 = Debug|Any CPU
		{6E8FB63A-6EFF-466D-B87D-0DFBB3726CD3}.Release|Any CPU.ActiveCfg = Release|Any CPU
		{6E8FB63A-6EFF-466D-B87D-0DFBB3726CD3}.Release|Any CPU.Build.0 = Release|Any CPU
		{59EDB797-885D-4F0C-B092-86A6A04B02C7}.Debug|Any CPU.ActiveCfg = Debug|Any CPU
		{59EDB797-885D-4F0C-B092-86A6A04B02C7}.Debug|Any CPU.Build.0 = Debug|Any CPU
		{59EDB797-885D-4F0C-B092-86A6A04B02C7}.Release|Any CPU.ActiveCfg = Release|Any CPU
		{59EDB797-885D-4F0C-B092-86A6A04B02C7}.Release|Any CPU.Build.0 = Release|Any CPU
		{55D89D1B-7C3A-45DD-88F5-909F48F4D1C7}.Debug|Any CPU.ActiveCfg = Debug|Any CPU
		{55D89D1B-7C3A-45DD-88F5-909F48F4D1C7}.Debug|Any CPU.Build.0 = Debug|Any CPU
		{55D89D1B-7C3A-45DD-88F5-909F48F4D1C7}.Release|Any CPU.ActiveCfg = Release|Any CPU
		{55D89D1B-7C3A-45DD-88F5-909F48F4D1C7}.Release|Any CPU.Build.0 = Release|Any CPU
	EndGlobalSection
	GlobalSection(SolutionProperties) = preSolution
		HideSolutionNode = FALSE
	EndGlobalSection
EndGlobal
