
Microsoft Visual Studio Solution File, Format Version 12.00
# Visual Studio 15
VisualStudioVersion = 15.0.27130.2010
MinimumVisualStudioVersion = 10.0.40219.1
Project("{FAE04EC0-301F-11D3-BF4B-00C04F79EFBC}") = "WPFDemo", "WPFDemo.csproj", "{3C02E88A-A43F-4EB9-AEC3-99AC1AFF8927}"
EndProject
Global
	GlobalSection(SolutionConfigurationPlatforms) = preSolution
		Debug|Any CPU = Debug|Any CPU
		Release|Any CPU = Release|Any CPU
	EndGlobalSection
	GlobalSection(ProjectConfigurationPlatforms) = postSolution
		{3C02E88A-A43F-4EB9-AEC3-99AC1AFF8927}.Debug|Any CPU.ActiveCfg = Debug|Any CPU
		{3C02E88A-A43F-4EB9-AEC3-99AC1AFF8927}.Debug|Any CPU.Build.0 = Debug|Any CPU
		{3C02E88A-A43F-4EB9-AEC3-99AC1AFF8927}.Release|Any CPU.ActiveCfg = Release|Any CPU
		{3C02E88A-A43F-4EB9-AEC3-99AC1AFF8927}.Release|Any CPU.Build.0 = Release|Any CPU
	EndGlobalSection
	GlobalSection(SolutionProperties) = preSolution
		HideSolutionNode = FALSE
	EndGlobalSection
	GlobalSection(ExtensibilityGlobals) = postSolution
		SolutionGuid = {A36764BA-4D15-42D8-B9E9-E280163EF119}
	EndGlobalSection
EndGlobal
