
Microsoft Visual Studio Solution File, Format Version 12.00
# Visual Studio Version 16
VisualStudioVersion = 16.0.29905.134
MinimumVisualStudioVersion = 10.0.40219.1
Project("{FAE04EC0-301F-11D3-BF4B-00C04F79EFBC}") = "WebApi", "WebApi\WebApi.csproj", "{036A0641-B673-49E5-937A-BA7F1C32A8A1}"
EndProject
Global
	GlobalSection(SolutionConfigurationPlatforms) = preSolution
		Debug|Any CPU = Debug|Any CPU
		Release|Any CPU = Release|Any CPU
	EndGlobalSection
	GlobalSection(ProjectConfigurationPlatforms) = postSolution
		{036A0641-B673-49E5-937A-BA7F1C32A8A1}.Debug|Any CPU.ActiveCfg = Debug|Any CPU
		{036A0641-B673-49E5-937A-BA7F1C32A8A1}.Debug|Any CPU.Build.0 = Debug|Any CPU
		{036A0641-B673-49E5-937A-BA7F1C32A8A1}.Release|Any CPU.ActiveCfg = Release|Any CPU
		{036A0641-B673-49E5-937A-BA7F1C32A8A1}.Release|Any CPU.Build.0 = Release|Any CPU
	EndGlobalSection
	GlobalSection(SolutionProperties) = preSolution
		HideSolutionNode = FALSE
	EndGlobalSection
	GlobalSection(ExtensibilityGlobals) = postSolution
		SolutionGuid = {CC2667BF-4888-4B24-BA6A-8A58E68088C3}
	EndGlobalSection
EndGlobal
