
Microsoft Visual Studio Solution File, Format Version 12.00
# Visual Studio Version 16
VisualStudioVersion = 16.0.28803.452
MinimumVisualStudioVersion = 10.0.40219.1
Project("{FAE04EC0-301F-11D3-BF4B-00C04F79EFBC}") = "LibraryWithTests", "LibraryWithTests\LibraryWithTests.csproj", "{E1E20369-695F-406F-BA3E-C4E29AFF035E}"
EndProject
Project("{FAE04EC0-301F-11D3-BF4B-00C04F79EFBC}") = "UnitTests", "UnitTests\UnitTests.csproj", "{E8A81011-0FC1-40EC-B3A1-931CAF834F99}"
EndProject
Project("{FAE04EC0-301F-11D3-BF4B-00C04F79EFBC}") = "IntegrationTests", "IntegrationTests\IntegrationTests.csproj", "{05C6ADC2-F856-40EF-BC76-8D6538591223}"
EndProject
Global
	GlobalSection(SolutionConfigurationPlatforms) = preSolution
		Debug|Any CPU = Debug|Any CPU
		Release|Any CPU = Release|Any CPU
	EndGlobalSection
	GlobalSection(ProjectConfigurationPlatforms) = postSolution
		{E1E20369-695F-406F-BA3E-C4E29AFF035E}.Debug|Any CPU.ActiveCfg = Debug|Any CPU
		{E1E20369-695F-406F-BA3E-C4E29AFF035E}.Debug|Any CPU.Build.0 = Debug|Any CPU
		{E1E20369-695F-406F-BA3E-C4E29AFF035E}.Release|Any CPU.ActiveCfg = Release|Any CPU
		{E1E20369-695F-406F-BA3E-C4E29AFF035E}.Release|Any CPU.Build.0 = Release|Any CPU
		{E8A81011-0FC1-40EC-B3A1-931CAF834F99}.Debug|Any CPU.ActiveCfg = Debug|Any CPU
		{E8A81011-0FC1-40EC-B3A1-931CAF834F99}.Debug|Any CPU.Build.0 = Debug|Any CPU
		{E8A81011-0FC1-40EC-B3A1-931CAF834F99}.Release|Any CPU.ActiveCfg = Release|Any CPU
		{E8A81011-0FC1-40EC-B3A1-931CAF834F99}.Release|Any CPU.Build.0 = Release|Any CPU
		{05C6ADC2-F856-40EF-BC76-8D6538591223}.Debug|Any CPU.ActiveCfg = Debug|Any CPU
		{05C6ADC2-F856-40EF-BC76-8D6538591223}.Debug|Any CPU.Build.0 = Debug|Any CPU
		{05C6ADC2-F856-40EF-BC76-8D6538591223}.Release|Any CPU.ActiveCfg = Release|Any CPU
		{05C6ADC2-F856-40EF-BC76-8D6538591223}.Release|Any CPU.Build.0 = Release|Any CPU
	EndGlobalSection
	GlobalSection(SolutionProperties) = preSolution
		HideSolutionNode = FALSE
	EndGlobalSection
	GlobalSection(ExtensibilityGlobals) = postSolution
		SolutionGuid = {1C9417BB-2DDF-49B5-998B-B6822C67854B}
	EndGlobalSection
EndGlobal
