
Microsoft Visual Studio Solution File, Format Version 12.00
# Visual Studio Version 16
VisualStudioVersion = 16.0.29920.165
MinimumVisualStudioVersion = 10.0.40219.1
Project("{FAE04EC0-301F-11D3-BF4B-00C04F79EFBC}") = "Pets", "Pets\Pets.csproj", "{DC1E460C-EDA8-4E14-9C44-0E7A50373B87}"
EndProject
Project("{FAE04EC0-301F-11D3-BF4B-00C04F79EFBC}") = "PetsClient", "PetsClient\PetsClient.csproj", "{53DDB27A-1BDC-4FBC-AD6C-33F166F9149E}"
	ProjectSection(ProjectDependencies) = postProject
		{DC1E460C-EDA8-4E14-9C44-0E7A50373B87} = {DC1E460C-EDA8-4E14-9C44-0E7A50373B87}
	EndProjectSection
EndProject
Global
	GlobalSection(SolutionConfigurationPlatforms) = preSolution
		Debug|Any CPU = Debug|Any CPU
		Release|Any CPU = Release|Any CPU
	EndGlobalSection
	GlobalSection(ProjectConfigurationPlatforms) = postSolution
		{DC1E460C-EDA8-4E14-9C44-0E7A50373B87}.Debug|Any CPU.ActiveCfg = Debug|Any CPU
		{DC1E460C-EDA8-4E14-9C44-0E7A50373B87}.Debug|Any CPU.Build.0 = Debug|Any CPU
		{DC1E460C-EDA8-4E14-9C44-0E7A50373B87}.Release|Any CPU.ActiveCfg = Release|Any CPU
		{DC1E460C-EDA8-4E14-9C44-0E7A50373B87}.Release|Any CPU.Build.0 = Release|Any CPU
		{53DDB27A-1BDC-4FBC-AD6C-33F166F9149E}.Debug|Any CPU.ActiveCfg = Debug|Any CPU
		{53DDB27A-1BDC-4FBC-AD6C-33F166F9149E}.Debug|Any CPU.Build.0 = Debug|Any CPU
		{53DDB27A-1BDC-4FBC-AD6C-33F166F9149E}.Release|Any CPU.ActiveCfg = Release|Any CPU
		{53DDB27A-1BDC-4FBC-AD6C-33F166F9149E}.Release|Any CPU.Build.0 = Release|Any CPU
	EndGlobalSection
	GlobalSection(SolutionProperties) = preSolution
		HideSolutionNode = FALSE
	EndGlobalSection
	GlobalSection(ExtensibilityGlobals) = postSolution
		SolutionGuid = {3C037E25-D9B6-46EA-B8AF-4444946CB0EB}
	EndGlobalSection
EndGlobal
